
Microsoft Visual Studio Solution File, Format Version 12.00
# Visual Studio Version 16
VisualStudioVersion = 16.0.33529.622
MinimumVisualStudioVersion = 10.0.40219.1
Project("{9A19103F-16F7-4668-BE54-9A1E7A4F7556}") = "frontAngular", "frontAngular\frontAngular.csproj", "{401245CB-6451-4D87-9206-A02D557D2D70}"
EndProject
Project("{9A19103F-16F7-4668-BE54-9A1E7A4F7556}") = "api", "api\api.csproj", "{84F64A1F-7E4A-44EA-A835-8C70716C7372}"
EndProject
Project("{9A19103F-16F7-4668-BE54-9A1E7A4F7556}") = "TestProject", "TestProject\TestProject.csproj", "{F08E4BFB-0D7F-4E87-9F6E-E00FEC79B15D}"
EndProject
Global
	GlobalSection(SolutionConfigurationPlatforms) = preSolution
		Debug|Any CPU = Debug|Any CPU
		Release|Any CPU = Release|Any CPU
	EndGlobalSection
	GlobalSection(ProjectConfigurationPlatforms) = postSolution
		{401245CB-6451-4D87-9206-A02D557D2D70}.Debug|Any CPU.ActiveCfg = Debug|Any CPU
		{401245CB-6451-4D87-9206-A02D557D2D70}.Debug|Any CPU.Build.0 = Debug|Any CPU
		{401245CB-6451-4D87-9206-A02D557D2D70}.Release|Any CPU.ActiveCfg = Release|Any CPU
		{401245CB-6451-4D87-9206-A02D557D2D70}.Release|Any CPU.Build.0 = Release|Any CPU
		{84F64A1F-7E4A-44EA-A835-8C70716C7372}.Debug|Any CPU.ActiveCfg = Debug|Any CPU
		{84F64A1F-7E4A-44EA-A835-8C70716C7372}.Debug|Any CPU.Build.0 = Debug|Any CPU
		{84F64A1F-7E4A-44EA-A835-8C70716C7372}.Release|Any CPU.ActiveCfg = Release|Any CPU
		{84F64A1F-7E4A-44EA-A835-8C70716C7372}.Release|Any CPU.Build.0 = Release|Any CPU
		{F08E4BFB-0D7F-4E87-9F6E-E00FEC79B15D}.Debug|Any CPU.ActiveCfg = Debug|Any CPU
		{F08E4BFB-0D7F-4E87-9F6E-E00FEC79B15D}.Debug|Any CPU.Build.0 = Debug|Any CPU
		{F08E4BFB-0D7F-4E87-9F6E-E00FEC79B15D}.Release|Any CPU.ActiveCfg = Release|Any CPU
		{F08E4BFB-0D7F-4E87-9F6E-E00FEC79B15D}.Release|Any CPU.Build.0 = Release|Any CPU
	EndGlobalSection
	GlobalSection(SolutionProperties) = preSolution
		HideSolutionNode = FALSE
	EndGlobalSection
	GlobalSection(ExtensibilityGlobals) = postSolution
		SolutionGuid = {6F68EE76-401A-4204-82C9-0ACFCBC2BFC6}
	EndGlobalSection
EndGlobal
